# This file is automatically @generated by Cargo.
# It is not intended for manual editing.
version = 4

[[package]]
name = "notebook_2026_01_05"
version = "0.1.0"
dependencies = [
 "ontouchstart_2026_01_05",
]

[[package]]
name = "ontouchstart_2026_01_05"
version = "0.1.0"
source = "git+https://github.com/ontouchstart/ontouchstart.github.io.git?branch=2026_01_05#625184af6cee812504bcb6a2cf76c02789f81dac"
