# This file is automatically @generated by Cargo.
# It is not intended for manual editing.
version = 4

[[package]]
name = "ontouchstart_2026_01_15_rs"
version = "0.1.0"
source = "git+https://github.com/ontouchstart/ontouchstart.github.io?branch=ontouchstart_2026_01_15_rs#e9b671c34e10b11567640cb41c692c55c50986cf"

[[package]]
name = "ontouchstart_2026_01_15_rs_test"
version = "0.1.0"
dependencies = [
 "ontouchstart_2026_01_15_rs",
]
