# This file is automatically @generated by Cargo.
# It is not intended for manual editing.
version = 4

[[package]]
name = "default"
version = "0.1.0"
source = "git+https://github.com/ontouchstart/ontouchstart.github.io?branch=ontouchstart_2026_01_17_rs#6e14a79634da744cfd9cb573925fe8083163a3f1"

[[package]]
name = "ontouchstart_2026_01_17_rs_test"
version = "0.1.0"
dependencies = [
 "default",
]
