# This file is automatically @generated by Cargo.
# It is not intended for manual editing.
version = 4

[[package]]
name = "ontouchstart-buffer"
version = "0.1.0"
source = "git+https://github.com/ontouchstart/ontouchstart.github.io?branch=ontouchstart_2026_01_16_rs#330552ae8beec56d2651017891cc3e38e88ce077"

[[package]]
name = "ontouchstart_2026_01_16"
version = "0.1.0"
dependencies = [
 "ontouchstart-buffer",
]
