{
  "nodes": {
    "nixpkgs": {
      "locked": {
        "lastModified": 1789997323,
        "narHash": "sha256-LdvtkiUk8UYr+kv3uGS7SNK2yK/j7/GwBC6bziQx6Zk=",
        "owner": "NixOS",
        "repo": "nixpkgs",
        "rev": "2052a89de6ff86896783585e0a36381991b50392",
        "type": "github"
      },
      "original": {
        "owner": "NixOS",
        "repo": "nixpkgs",
        "type": "github"
      }
    },
    "root": {
      "inputs": {
        "nixpkgs": "nixpkgs"
      }
    }
  },
  "root": "root",
  "version": 7
}
