{
  "nodes": {
    "nixpkgs": {
      "locked": {
        "lastModified": 1791568321,
        "narHash": "sha256-zsV42gAb/XZdZ+UCKlJ/pnq46dmXr02WoNS8o47ra60=",
        "owner": "NixOS",
        "repo": "nixpkgs",
        "rev": "6f38529ceb083cbc9a98588d0da444c65184f834",
        "type": "github"
      },
      "original": {
        "owner": "NixOS",
        "ref": "master",
        "repo": "nixpkgs",
        "type": "github"
      }
    },
    "root": {
      "inputs": {
        "nixpkgs": "nixpkgs"
      }
    }
  },
  "root": "root",
  "version": 7
}
