# This file is automatically @generated by Cargo.
# It is not intended for manual editing.
version = 4

[[package]]
name = "backyard"
version = "0.1.0"
source = "git+https://github.com/ontouchstart/ontouchstart.github.io?branch=2026_01_09_rs#17f4bd8b07c44fff6859469669905aa3526e7a09"

[[package]]
name = "branch"
version = "0.1.0"
source = "git+https://github.com/ontouchstart/ontouchstart.github.io?branch=2026_01_09_rs#17f4bd8b07c44fff6859469669905aa3526e7a09"

[[package]]
name = "github_url_2026_01_09_rs"
version = "0.1.0"
dependencies = [
 "backyard",
 "url",
]

[[package]]
name = "url"
version = "0.1.0"
source = "git+https://github.com/ontouchstart/ontouchstart.github.io?branch=2026_01_09_rs#17f4bd8b07c44fff6859469669905aa3526e7a09"
dependencies = [
 "branch",
]
