# This file is automatically @generated by Cargo.
# It is not intended for manual editing.
version = 4

[[package]]
name = "branch"
version = "0.1.0"
source = "git+https://github.com/ontouchstart/ontouchstart.github.io?branch=2026_01_09_rs#b4e8447795322c4ffe27d16843e34cbebff5fe82"

[[package]]
name = "github_url_2026_01_09_rs"
version = "0.1.0"
dependencies = [
 "url",
]

[[package]]
name = "url"
version = "0.1.0"
source = "git+https://github.com/ontouchstart/ontouchstart.github.io?branch=2026_01_09_rs#b4e8447795322c4ffe27d16843e34cbebff5fe82"
dependencies = [
 "branch",
]
