{
  "nodes": {
    "nixpkgs": {
      "locked": {
        "lastModified": 1791405717,
        "narHash": "sha256-ejZiqtpYvHcPuY3kUF4V+X/WzQBJkA2hoFHvpCLEu84=",
        "owner": "NixOS",
        "repo": "nixpkgs",
        "rev": "28061b7914c257908c965309ba20b182a1810455",
        "type": "github"
      },
      "original": {
        "owner": "NixOS",
        "ref": "master",
        "repo": "nixpkgs",
        "type": "github"
      }
    },
    "root": {
      "inputs": {
        "nixpkgs": "nixpkgs"
      }
    }
  },
  "root": "root",
  "version": 7
}
