# This file is automatically @generated by Cargo.
# It is not intended for manual editing.
version = 4

[[package]]
name = "ontouchstart"
version = "0.1.0"
source = "git+https://github.com/ontouchstart/ontouchstart.github.io.git?branch=2026_01_05#23711eca60011a7a722118d0269485cb79df24bb"

[[package]]
name = "ontouchstart-2026-01-05"
version = "0.1.0"
dependencies = [
 "ontouchstart",
]
